// !$*UTF8*$!
{
	archiveVersion = 1;
	classes = {
	};
	objectVersion = 50;
	objects = {

/* Begin PBXBuildFile section */
		C806BE452386A447006F2794 /* kydra-log-example-watch WatchKit App.app in Embed Watch Content */ = {isa = PBXBuildFile; fileRef = C806BE442386A447006F2794 /* kydra-log-example-watch WatchKit App.app */; settings = {ATTRIBUTES = (RemoveHeadersOnCopy, ); }; };
		C806BE4B2386A447006F2794 /* Interface.storyboard in Resources */ = {isa = PBXBuildFile; fileRef = C806BE492386A447006F2794 /* Interface.storyboard */; };
		C806BE4D2386A448006F2794 /* Assets.xcassets in Resources */ = {isa = PBXBuildFile; fileRef = C806BE4C2386A448006F2794 /* Assets.xcassets */; };
		C806BE542386A448006F2794 /* kydra-log-example-watch WatchKit Extension.appex in Embed App Extensions */ = {isa = PBXBuildFile; fileRef = C806BE532386A448006F2794 /* kydra-log-example-watch WatchKit Extension.appex */; settings = {ATTRIBUTES = (RemoveHeadersOnCopy, ); }; };
		C806BE592386A448006F2794 /* InterfaceController.swift in Sources */ = {isa = PBXBuildFile; fileRef = C806BE582386A448006F2794 /* InterfaceController.swift */; };
		C806BE5B2386A448006F2794 /* ExtensionDelegate.swift in Sources */ = {isa = PBXBuildFile; fileRef = C806BE5A2386A448006F2794 /* ExtensionDelegate.swift */; };
		C806BE5D2386A449006F2794 /* Assets.xcassets in Resources */ = {isa = PBXBuildFile; fileRef = C806BE5C2386A449006F2794 /* Assets.xcassets */; };
		C806BE852386A9BA006F2794 /* common_watch.framework in Frameworks */ = {isa = PBXBuildFile; fileRef = C806BE7B2386A6CB006F2794 /* common_watch.framework */; };
		C806BE862386A9BA006F2794 /* common_watch.framework in Embed Frameworks */ = {isa = PBXBuildFile; fileRef = C806BE7B2386A6CB006F2794 /* common_watch.framework */; settings = {ATTRIBUTES = (CodeSignOnCopy, RemoveHeadersOnCopy, ); }; };
		C806BEA82386B664006F2794 /* AppDelegate.swift in Sources */ = {isa = PBXBuildFile; fileRef = C806BEA72386B664006F2794 /* AppDelegate.swift */; };
		C806BEAA2386B664006F2794 /* ViewController.swift in Sources */ = {isa = PBXBuildFile; fileRef = C806BEA92386B664006F2794 /* ViewController.swift */; };
		C806BEAD2386B664006F2794 /* Main.storyboard in Resources */ = {isa = PBXBuildFile; fileRef = C806BEAB2386B664006F2794 /* Main.storyboard */; };
		C806BEAF2386B665006F2794 /* Assets.xcassets in Resources */ = {isa = PBXBuildFile; fileRef = C806BEAE2386B665006F2794 /* Assets.xcassets */; };
		C806BEB22386B665006F2794 /* LaunchScreen.storyboard in Resources */ = {isa = PBXBuildFile; fileRef = C806BEB02386B665006F2794 /* LaunchScreen.storyboard */; };
		C806BEBA2386BA52006F2794 /* common_tv.framework in Frameworks */ = {isa = PBXBuildFile; fileRef = C806BE972386B5DF006F2794 /* common_tv.framework */; };
		C806BEBB2386BA52006F2794 /* common_tv.framework in Embed Frameworks */ = {isa = PBXBuildFile; fileRef = C806BE972386B5DF006F2794 /* common_tv.framework */; settings = {ATTRIBUTES = (CodeSignOnCopy, RemoveHeadersOnCopy, ); }; };
		C81FF93E21B5CCD200A94E03 /* common_ios.framework in Frameworks */ = {isa = PBXBuildFile; fileRef = C8FA80E521973B0600C73A8E /* common_ios.framework */; };
		C81FF93F21B5CCD200A94E03 /* common_ios.framework in Embed Frameworks */ = {isa = PBXBuildFile; fileRef = C8FA80E521973B0600C73A8E /* common_ios.framework */; settings = {ATTRIBUTES = (CodeSignOnCopy, RemoveHeadersOnCopy, ); }; };
		C89A9D0520BDF9F500A19C77 /* Localizable.strings in Resources */ = {isa = PBXBuildFile; fileRef = C89A9D0320BDF9F500A19C77 /* Localizable.strings */; };
		C8A822BE20BAF801004C070F /* Main.storyboard in Resources */ = {isa = PBXBuildFile; fileRef = C8A822BC20BAF801004C070F /* Main.storyboard */; };
		C8A822C020BAF802004C070F /* Assets.xcassets in Resources */ = {isa = PBXBuildFile; fileRef = C8A822BF20BAF802004C070F /* Assets.xcassets */; };
		C8A822C320BAF802004C070F /* LaunchScreen.storyboard in Resources */ = {isa = PBXBuildFile; fileRef = C8A822C120BAF802004C070F /* LaunchScreen.storyboard */; };
		C8A822D020BC9B76004C070F /* ViewController.swift in Sources */ = {isa = PBXBuildFile; fileRef = C8A822CF20BC9B76004C070F /* ViewController.swift */; };
		C8A822D220BCA023004C070F /* AppDelegate.swift in Sources */ = {isa = PBXBuildFile; fileRef = C8A822D120BCA023004C070F /* AppDelegate.swift */; };
/* End PBXBuildFile section */

/* Begin PBXContainerItemProxy section */
		C806BE462386A447006F2794 /* PBXContainerItemProxy */ = {
			isa = PBXContainerItemProxy;
			containerPortal = C8A822AD20BAF801004C070F /* Project object */;
			proxyType = 1;
			remoteGlobalIDString = C806BE432386A447006F2794;
			remoteInfo = "kydra-log-example-watch WatchKit App";
		};
		C806BE552386A448006F2794 /* PBXContainerItemProxy */ = {
			isa = PBXContainerItemProxy;
			containerPortal = C8A822AD20BAF801004C070F /* Project object */;
			proxyType = 1;
			remoteGlobalIDString = C806BE522386A448006F2794;
			remoteInfo = "kydra-log-example-watch WatchKit Extension";
		};
		C806BE872386A9BA006F2794 /* PBXContainerItemProxy */ = {
			isa = PBXContainerItemProxy;
			containerPortal = C8A822AD20BAF801004C070F /* Project object */;
			proxyType = 1;
			remoteGlobalIDString = C806BE7A2386A6CB006F2794;
			remoteInfo = "watch-app-framework";
		};
		C806BEBC2386BA52006F2794 /* PBXContainerItemProxy */ = {
			isa = PBXContainerItemProxy;
			containerPortal = C8A822AD20BAF801004C070F /* Project object */;
			proxyType = 1;
			remoteGlobalIDString = C806BE962386B5DF006F2794;
			remoteInfo = "tv-app-framework";
		};
		C81FF94021B5CCD200A94E03 /* PBXContainerItemProxy */ = {
			isa = PBXContainerItemProxy;
			containerPortal = C8A822AD20BAF801004C070F /* Project object */;
			proxyType = 1;
			remoteGlobalIDString = C8FA80E421973B0600C73A8E;
			remoteInfo = "ios-framework";
		};
/* End PBXContainerItemProxy section */

/* Begin PBXCopyFilesBuildPhase section */
		C806BE612386A449006F2794 /* Embed Watch Content */ = {
			isa = PBXCopyFilesBuildPhase;
			buildActionMask = 2147483647;
			dstPath = "$(CONTENTS_FOLDER_PATH)/Watch";
			dstSubfolderSpec = 16;
			files = (
				C806BE452386A447006F2794 /* kydra-log-example-watch WatchKit App.app in Embed Watch Content */,
			);
			name = "Embed Watch Content";
			runOnlyForDeploymentPostprocessing = 0;
		};
		C806BE642386A449006F2794 /* Embed App Extensions */ = {
			isa = PBXCopyFilesBuildPhase;
			buildActionMask = 2147483647;
			dstPath = "";
			dstSubfolderSpec = 13;
			files = (
				C806BE542386A448006F2794 /* kydra-log-example-watch WatchKit Extension.appex in Embed App Extensions */,
			);
			name = "Embed App Extensions";
			runOnlyForDeploymentPostprocessing = 0;
		};
		C806BE892386A9BA006F2794 /* Embed Frameworks */ = {
			isa = PBXCopyFilesBuildPhase;
			buildActionMask = 2147483647;
			dstPath = "";
			dstSubfolderSpec = 10;
			files = (
				C806BE862386A9BA006F2794 /* common_watch.framework in Embed Frameworks */,
			);
			name = "Embed Frameworks";
			runOnlyForDeploymentPostprocessing = 0;
		};
		C806BEBE2386BA52006F2794 /* Embed Frameworks */ = {
			isa = PBXCopyFilesBuildPhase;
			buildActionMask = 2147483647;
			dstPath = "";
			dstSubfolderSpec = 10;
			files = (
				C806BEBB2386BA52006F2794 /* common_tv.framework in Embed Frameworks */,
			);
			name = "Embed Frameworks";
			runOnlyForDeploymentPostprocessing = 0;
		};
		C81FF94221B5CCD200A94E03 /* Embed Frameworks */ = {
			isa = PBXCopyFilesBuildPhase;
			buildActionMask = 2147483647;
			dstPath = "";
			dstSubfolderSpec = 10;
			files = (
				C81FF93F21B5CCD200A94E03 /* common_ios.framework in Embed Frameworks */,
			);
			name = "Embed Frameworks";
			runOnlyForDeploymentPostprocessing = 0;
		};
/* End PBXCopyFilesBuildPhase section */

/* Begin PBXFileReference section */
		C806BE412386A447006F2794 /* kydra-log-example-watch.app */ = {isa = PBXFileReference; explicitFileType = wrapper.application; includeInIndex = 0; path = "kydra-log-example-watch.app"; sourceTree = BUILT_PRODUCTS_DIR; };
		C806BE442386A447006F2794 /* kydra-log-example-watch WatchKit App.app */ = {isa = PBXFileReference; explicitFileType = wrapper.application; includeInIndex = 0; path = "kydra-log-example-watch WatchKit App.app"; sourceTree = BUILT_PRODUCTS_DIR; };
		C806BE4A2386A447006F2794 /* Base */ = {isa = PBXFileReference; lastKnownFileType = file.storyboard; name = Base; path = Base.lproj/Interface.storyboard; sourceTree = "<group>"; };
		C806BE4C2386A448006F2794 /* Assets.xcassets */ = {isa = PBXFileReference; lastKnownFileType = folder.assetcatalog; path = Assets.xcassets; sourceTree = "<group>"; };
		C806BE4E2386A448006F2794 /* Info.plist */ = {isa = PBXFileReference; lastKnownFileType = text.plist.xml; path = Info.plist; sourceTree = "<group>"; };
		C806BE532386A448006F2794 /* kydra-log-example-watch WatchKit Extension.appex */ = {isa = PBXFileReference; explicitFileType = "wrapper.app-extension"; includeInIndex = 0; path = "kydra-log-example-watch WatchKit Extension.appex"; sourceTree = BUILT_PRODUCTS_DIR; };
		C806BE582386A448006F2794 /* InterfaceController.swift */ = {isa = PBXFileReference; lastKnownFileType = sourcecode.swift; path = InterfaceController.swift; sourceTree = "<group>"; };
		C806BE5A2386A448006F2794 /* ExtensionDelegate.swift */ = {isa = PBXFileReference; lastKnownFileType = sourcecode.swift; path = ExtensionDelegate.swift; sourceTree = "<group>"; };
		C806BE5C2386A449006F2794 /* Assets.xcassets */ = {isa = PBXFileReference; lastKnownFileType = folder.assetcatalog; path = Assets.xcassets; sourceTree = "<group>"; };
		C806BE5E2386A449006F2794 /* Info.plist */ = {isa = PBXFileReference; lastKnownFileType = text.plist.xml; path = Info.plist; sourceTree = "<group>"; };
		C806BE7B2386A6CB006F2794 /* common_watch.framework */ = {isa = PBXFileReference; explicitFileType = wrapper.framework; includeInIndex = 0; path = common_watch.framework; sourceTree = BUILT_PRODUCTS_DIR; };
		C806BE972386B5DF006F2794 /* common_tv.framework */ = {isa = PBXFileReference; explicitFileType = wrapper.framework; includeInIndex = 0; path = common_tv.framework; sourceTree = BUILT_PRODUCTS_DIR; };
		C806BEA52386B664006F2794 /* kydra-log-example-tv.app */ = {isa = PBXFileReference; explicitFileType = wrapper.application; includeInIndex = 0; path = "kydra-log-example-tv.app"; sourceTree = BUILT_PRODUCTS_DIR; };
		C806BEA72386B664006F2794 /* AppDelegate.swift */ = {isa = PBXFileReference; lastKnownFileType = sourcecode.swift; path = AppDelegate.swift; sourceTree = "<group>"; };
		C806BEA92386B664006F2794 /* ViewController.swift */ = {isa = PBXFileReference; lastKnownFileType = sourcecode.swift; path = ViewController.swift; sourceTree = "<group>"; };
		C806BEAC2386B664006F2794 /* Base */ = {isa = PBXFileReference; lastKnownFileType = file.storyboard; name = Base; path = Base.lproj/Main.storyboard; sourceTree = "<group>"; };
		C806BEAE2386B665006F2794 /* Assets.xcassets */ = {isa = PBXFileReference; lastKnownFileType = folder.assetcatalog; path = Assets.xcassets; sourceTree = "<group>"; };
		C806BEB12386B665006F2794 /* Base */ = {isa = PBXFileReference; lastKnownFileType = file.storyboard; name = Base; path = Base.lproj/LaunchScreen.storyboard; sourceTree = "<group>"; };
		C806BEB32386B665006F2794 /* Info.plist */ = {isa = PBXFileReference; lastKnownFileType = text.plist.xml; path = Info.plist; sourceTree = "<group>"; };
		C89A9D0420BDF9F500A19C77 /* Base */ = {isa = PBXFileReference; lastKnownFileType = text.plist.strings; name = Base; path = Base.lproj/Localizable.strings; sourceTree = "<group>"; };
		C8A822B520BAF801004C070F /* kydra-log-example-ios.app */ = {isa = PBXFileReference; explicitFileType = wrapper.application; includeInIndex = 0; path = "kydra-log-example-ios.app"; sourceTree = BUILT_PRODUCTS_DIR; };
		C8A822BD20BAF801004C070F /* Base */ = {isa = PBXFileReference; lastKnownFileType = file.storyboard; name = Base; path = Base.lproj/Main.storyboard; sourceTree = "<group>"; };
		C8A822BF20BAF802004C070F /* Assets.xcassets */ = {isa = PBXFileReference; lastKnownFileType = folder.assetcatalog; path = Assets.xcassets; sourceTree = "<group>"; };
		C8A822C220BAF802004C070F /* Base */ = {isa = PBXFileReference; lastKnownFileType = file.storyboard; name = Base; path = Base.lproj/LaunchScreen.storyboard; sourceTree = "<group>"; };
		C8A822C420BAF802004C070F /* Info.plist */ = {isa = PBXFileReference; lastKnownFileType = text.plist.xml; path = Info.plist; sourceTree = "<group>"; };
		C8A822CF20BC9B76004C070F /* ViewController.swift */ = {isa = PBXFileReference; lastKnownFileType = sourcecode.swift; path = ViewController.swift; sourceTree = "<group>"; };
		C8A822D120BCA023004C070F /* AppDelegate.swift */ = {isa = PBXFileReference; fileEncoding = 4; lastKnownFileType = sourcecode.swift; path = AppDelegate.swift; sourceTree = "<group>"; };
		C8FA80E521973B0600C73A8E /* common_ios.framework */ = {isa = PBXFileReference; explicitFileType = wrapper.framework; includeInIndex = 0; path = common_ios.framework; sourceTree = BUILT_PRODUCTS_DIR; };
		C8FA80E721973B0600C73A8E /* Common.h */ = {isa = PBXFileReference; lastKnownFileType = sourcecode.c.h; path = Common.h; sourceTree = "<group>"; };
		C8FA80E821973B0600C73A8E /* Info.plist */ = {isa = PBXFileReference; lastKnownFileType = text.plist.xml; path = Info.plist; sourceTree = "<group>"; };
		C8FA8113219AF7F600C73A8E /* example-common.iml */ = {isa = PBXFileReference; lastKnownFileType = text.xml; path = "example-common.iml"; sourceTree = "<group>"; };
		C8FA8115219AF7F600C73A8E /* build.gradle */ = {isa = PBXFileReference; lastKnownFileType = text; path = build.gradle; sourceTree = "<group>"; };
		C8FA811E219AF7F600C73A8E /* Common.kotlin_metadata */ = {isa = PBXFileReference; lastKnownFileType = file; path = Common.kotlin_metadata; sourceTree = "<group>"; };
		C8FA8120219AF7F600C73A8E /* example-common.kotlin_module */ = {isa = PBXFileReference; lastKnownFileType = file; path = "example-common.kotlin_module"; sourceTree = "<group>"; };
		C8FA8123219AF7F600C73A8E /* examplecommonjar-classes.txt */ = {isa = PBXFileReference; lastKnownFileType = text; path = "examplecommonjar-classes.txt"; sourceTree = "<group>"; };
		C8FA8125219AF7F600C73A8E /* example-common.jar */ = {isa = PBXFileReference; lastKnownFileType = archive.jar; path = "example-common.jar"; sourceTree = "<group>"; };
		C8FA8128219AF7F600C73A8E /* MANIFEST.MF */ = {isa = PBXFileReference; lastKnownFileType = text; path = MANIFEST.MF; sourceTree = "<group>"; };
		C8FA8130219AF7F600C73A8E /* Common.kt */ = {isa = PBXFileReference; lastKnownFileType = text; path = Common.kt; sourceTree = "<group>"; };
/* End PBXFileReference section */

/* Begin PBXFrameworksBuildPhase section */
		C806BE502386A448006F2794 /* Frameworks */ = {
			isa = PBXFrameworksBuildPhase;
			buildActionMask = 2147483647;
			files = (
				C806BE852386A9BA006F2794 /* common_watch.framework in Frameworks */,
			);
			runOnlyForDeploymentPostprocessing = 0;
		};
		C806BE742386A648006F2794 /* Frameworks */ = {
			isa = PBXFrameworksBuildPhase;
			buildActionMask = 2147483647;
			files = (
			);
			runOnlyForDeploymentPostprocessing = 0;
		};
		C806BEA22386B664006F2794 /* Frameworks */ = {
			isa = PBXFrameworksBuildPhase;
			buildActionMask = 2147483647;
			files = (
				C806BEBA2386BA52006F2794 /* common_tv.framework in Frameworks */,
			);
			runOnlyForDeploymentPostprocessing = 0;
		};
		C8A822B220BAF801004C070F /* Frameworks */ = {
			isa = PBXFrameworksBuildPhase;
			buildActionMask = 2147483647;
			files = (
				C81FF93E21B5CCD200A94E03 /* common_ios.framework in Frameworks */,
			);
			runOnlyForDeploymentPostprocessing = 0;
		};
/* End PBXFrameworksBuildPhase section */

/* Begin PBXGroup section */
		C806BE482386A447006F2794 /* kydra-log-example-watch WatchKit App */ = {
			isa = PBXGroup;
			children = (
				C806BE492386A447006F2794 /* Interface.storyboard */,
				C806BE4C2386A448006F2794 /* Assets.xcassets */,
				C806BE4E2386A448006F2794 /* Info.plist */,
			);
			path = "kydra-log-example-watch WatchKit App";
			sourceTree = "<group>";
		};
		C806BE572386A448006F2794 /* kydra-log-example-watch WatchKit Extension */ = {
			isa = PBXGroup;
			children = (
				C806BE582386A448006F2794 /* InterfaceController.swift */,
				C806BE5A2386A448006F2794 /* ExtensionDelegate.swift */,
				C806BE5C2386A449006F2794 /* Assets.xcassets */,
				C806BE5E2386A449006F2794 /* Info.plist */,
			);
			path = "kydra-log-example-watch WatchKit Extension";
			sourceTree = "<group>";
		};
		C806BE6A2386A5EE006F2794 /* Frameworks */ = {
			isa = PBXGroup;
			children = (
			);
			name = Frameworks;
			sourceTree = "<group>";
		};
		C806BEA62386B664006F2794 /* kydra-log-example-tv */ = {
			isa = PBXGroup;
			children = (
				C806BEA72386B664006F2794 /* AppDelegate.swift */,
				C806BEA92386B664006F2794 /* ViewController.swift */,
				C806BEAB2386B664006F2794 /* Main.storyboard */,
				C806BEAE2386B665006F2794 /* Assets.xcassets */,
				C806BEB02386B665006F2794 /* LaunchScreen.storyboard */,
				C806BEB32386B665006F2794 /* Info.plist */,
			);
			path = "kydra-log-example-tv";
			sourceTree = "<group>";
		};
		C806BEB82386B9C2006F2794 /* Watch */ = {
			isa = PBXGroup;
			children = (
				C806BE482386A447006F2794 /* kydra-log-example-watch WatchKit App */,
				C806BE572386A448006F2794 /* kydra-log-example-watch WatchKit Extension */,
			);
			name = Watch;
			sourceTree = "<group>";
		};
		C8A822AC20BAF801004C070F = {
			isa = PBXGroup;
			children = (
				C8A822B720BAF801004C070F /* kydra-log-example-ios */,
				C806BEA62386B664006F2794 /* kydra-log-example-tv */,
				C806BEB82386B9C2006F2794 /* Watch */,
				C8FA80E621973B0600C73A8E /* Common */,
				C8A822B620BAF801004C070F /* Products */,
				C806BE6A2386A5EE006F2794 /* Frameworks */,
			);
			sourceTree = "<group>";
		};
		C8A822B620BAF801004C070F /* Products */ = {
			isa = PBXGroup;
			children = (
				C8A822B520BAF801004C070F /* kydra-log-example-ios.app */,
				C8FA80E521973B0600C73A8E /* common_ios.framework */,
				C806BE412386A447006F2794 /* kydra-log-example-watch.app */,
				C806BE442386A447006F2794 /* kydra-log-example-watch WatchKit App.app */,
				C806BE532386A448006F2794 /* kydra-log-example-watch WatchKit Extension.appex */,
				C806BE7B2386A6CB006F2794 /* common_watch.framework */,
				C806BE972386B5DF006F2794 /* common_tv.framework */,
				C806BEA52386B664006F2794 /* kydra-log-example-tv.app */,
			);
			name = Products;
			sourceTree = "<group>";
		};
		C8A822B720BAF801004C070F /* kydra-log-example-ios */ = {
			isa = PBXGroup;
			children = (
				C8A822D120BCA023004C070F /* AppDelegate.swift */,
				C8A822CF20BC9B76004C070F /* ViewController.swift */,
				C8A822BC20BAF801004C070F /* Main.storyboard */,
				C8A822BF20BAF802004C070F /* Assets.xcassets */,
				C89A9D0320BDF9F500A19C77 /* Localizable.strings */,
				C8A822C120BAF802004C070F /* LaunchScreen.storyboard */,
				C8A822C420BAF802004C070F /* Info.plist */,
			);
			path = "kydra-log-example-ios";
			sourceTree = "<group>";
		};
		C8FA80E621973B0600C73A8E /* Common */ = {
			isa = PBXGroup;
			children = (
				C8FA8111219AF7F600C73A8E /* common */,
				C8FA80E721973B0600C73A8E /* Common.h */,
				C8FA80E821973B0600C73A8E /* Info.plist */,
			);
			path = Common;
			sourceTree = "<group>";
		};
		C8FA8111219AF7F600C73A8E /* common */ = {
			isa = PBXGroup;
			children = (
				C8FA8113219AF7F600C73A8E /* example-common.iml */,
				C8FA8115219AF7F600C73A8E /* build.gradle */,
				C8FA8116219AF7F600C73A8E /* build */,
				C8FA8129219AF7F600C73A8E /* src */,
			);
			name = common;
			path = ../common;
			sourceTree = SOURCE_ROOT;
		};
		C8FA8116219AF7F600C73A8E /* build */ = {
			isa = PBXGroup;
			children = (
				C8FA8117219AF7F600C73A8E /* classes */,
				C8FA8121219AF7F600C73A8E /* kotlin */,
				C8FA8124219AF7F600C73A8E /* libs */,
				C8FA8126219AF7F600C73A8E /* tmp */,
			);
			path = build;
			sourceTree = "<group>";
		};
		C8FA8117219AF7F600C73A8E /* classes */ = {
			isa = PBXGroup;
			children = (
				C8FA8118219AF7F600C73A8E /* kotlin */,
			);
			path = classes;
			sourceTree = "<group>";
		};
		C8FA8118219AF7F600C73A8E /* kotlin */ = {
			isa = PBXGroup;
			children = (
				C8FA8119219AF7F600C73A8E /* main */,
			);
			path = kotlin;
			sourceTree = "<group>";
		};
		C8FA8119219AF7F600C73A8E /* main */ = {
			isa = PBXGroup;
			children = (
				C8FA811A219AF7F600C73A8E /* ru */,
				C8FA811F219AF7F600C73A8E /* META-INF */,
			);
			path = main;
			sourceTree = "<group>";
		};
		C8FA811A219AF7F600C73A8E /* ru */ = {
			isa = PBXGroup;
			children = (
				C8FA811B219AF7F600C73A8E /* pocketbyte */,
			);
			path = ru;
			sourceTree = "<group>";
		};
		C8FA811B219AF7F600C73A8E /* pocketbyte */ = {
			isa = PBXGroup;
			children = (
				C8FA811C219AF7F600C73A8E /* kydralogexample */,
			);
			path = pocketbyte;
			sourceTree = "<group>";
		};
		C8FA811C219AF7F600C73A8E /* kydralogexample */ = {
			isa = PBXGroup;
			children = (
				C8FA811D219AF7F600C73A8E /* common */,
			);
			path = kydralogexample;
			sourceTree = "<group>";
		};
		C8FA811D219AF7F600C73A8E /* common */ = {
			isa = PBXGroup;
			children = (
				C8FA811E219AF7F600C73A8E /* Common.kotlin_metadata */,
			);
			path = common;
			sourceTree = "<group>";
		};
		C8FA811F219AF7F600C73A8E /* META-INF */ = {
			isa = PBXGroup;
			children = (
				C8FA8120219AF7F600C73A8E /* example-common.kotlin_module */,
			);
			path = "META-INF";
			sourceTree = "<group>";
		};
		C8FA8121219AF7F600C73A8E /* kotlin */ = {
			isa = PBXGroup;
			children = (
				C8FA8122219AF7F600C73A8E /* compileKotlinCommon */,
				C8FA8123219AF7F600C73A8E /* examplecommonjar-classes.txt */,
			);
			path = kotlin;
			sourceTree = "<group>";
		};
		C8FA8122219AF7F600C73A8E /* compileKotlinCommon */ = {
			isa = PBXGroup;
			children = (
			);
			path = compileKotlinCommon;
			sourceTree = "<group>";
		};
		C8FA8124219AF7F600C73A8E /* libs */ = {
			isa = PBXGroup;
			children = (
				C8FA8125219AF7F600C73A8E /* example-common.jar */,
			);
			path = libs;
			sourceTree = "<group>";
		};
		C8FA8126219AF7F600C73A8E /* tmp */ = {
			isa = PBXGroup;
			children = (
				C8FA8127219AF7F600C73A8E /* jar */,
			);
			path = tmp;
			sourceTree = "<group>";
		};
		C8FA8127219AF7F600C73A8E /* jar */ = {
			isa = PBXGroup;
			children = (
				C8FA8128219AF7F600C73A8E /* MANIFEST.MF */,
			);
			path = jar;
			sourceTree = "<group>";
		};
		C8FA8129219AF7F600C73A8E /* src */ = {
			isa = PBXGroup;
			children = (
				C8FA812A219AF7F600C73A8E /* main */,
			);
			path = src;
			sourceTree = "<group>";
		};
		C8FA812A219AF7F600C73A8E /* main */ = {
			isa = PBXGroup;
			children = (
				C8FA812B219AF7F600C73A8E /* kotlin */,
			);
			path = main;
			sourceTree = "<group>";
		};
		C8FA812B219AF7F600C73A8E /* kotlin */ = {
			isa = PBXGroup;
			children = (
				C8FA812C219AF7F600C73A8E /* ru */,
			);
			path = kotlin;
			sourceTree = "<group>";
		};
		C8FA812C219AF7F600C73A8E /* ru */ = {
			isa = PBXGroup;
			children = (
				C8FA812D219AF7F600C73A8E /* pocketbyte */,
			);
			path = ru;
			sourceTree = "<group>";
		};
		C8FA812D219AF7F600C73A8E /* pocketbyte */ = {
			isa = PBXGroup;
			children = (
				C8FA812E219AF7F600C73A8E /* kydralogexample */,
			);
			path = pocketbyte;
			sourceTree = "<group>";
		};
		C8FA812E219AF7F600C73A8E /* kydralogexample */ = {
			isa = PBXGroup;
			children = (
				C8FA812F219AF7F600C73A8E /* common */,
			);
			path = kydralogexample;
			sourceTree = "<group>";
		};
		C8FA812F219AF7F600C73A8E /* common */ = {
			isa = PBXGroup;
			children = (
				C8FA8130219AF7F600C73A8E /* Common.kt */,
			);
			path = common;
			sourceTree = "<group>";
		};
/* End PBXGroup section */

/* Begin PBXNativeTarget section */
		C806BE402386A447006F2794 /* kydra-log-example-watch */ = {
			isa = PBXNativeTarget;
			buildConfigurationList = C806BE692386A449006F2794 /* Build configuration list for PBXNativeTarget "kydra-log-example-watch" */;
			buildPhases = (
				C806BE3F2386A447006F2794 /* Resources */,
				C806BE612386A449006F2794 /* Embed Watch Content */,
			);
			buildRules = (
			);
			dependencies = (
				C806BE472386A447006F2794 /* PBXTargetDependency */,
			);
			name = "kydra-log-example-watch";
			productName = "kydra-log-example-watch";
			productReference = C806BE412386A447006F2794 /* kydra-log-example-watch.app */;
			productType = "com.apple.product-type.application.watchapp2-container";
		};
		C806BE432386A447006F2794 /* kydra-log-example-watch WatchKit App */ = {
			isa = PBXNativeTarget;
			buildConfigurationList = C806BE682386A449006F2794 /* Build configuration list for PBXNativeTarget "kydra-log-example-watch WatchKit App" */;
			buildPhases = (
				C806BE422386A447006F2794 /* Resources */,
				C806BE642386A449006F2794 /* Embed App Extensions */,
				C806BE742386A648006F2794 /* Frameworks */,
			);
			buildRules = (
			);
			dependencies = (
				C806BE562386A448006F2794 /* PBXTargetDependency */,
			);
			name = "kydra-log-example-watch WatchKit App";
			productName = "kydra-log-example-watch WatchKit App";
			productReference = C806BE442386A447006F2794 /* kydra-log-example-watch WatchKit App.app */;
			productType = "com.apple.product-type.application.watchapp2";
		};
		C806BE522386A448006F2794 /* kydra-log-example-watch WatchKit Extension */ = {
			isa = PBXNativeTarget;
			buildConfigurationList = C806BE672386A449006F2794 /* Build configuration list for PBXNativeTarget "kydra-log-example-watch WatchKit Extension" */;
			buildPhases = (
				C806BE4F2386A448006F2794 /* Sources */,
				C806BE502386A448006F2794 /* Frameworks */,
				C806BE512386A448006F2794 /* Resources */,
				C806BE892386A9BA006F2794 /* Embed Frameworks */,
			);
			buildRules = (
			);
			dependencies = (
				C806BE882386A9BA006F2794 /* PBXTargetDependency */,
			);
			name = "kydra-log-example-watch WatchKit Extension";
			productName = "kydra-log-example-watch WatchKit Extension";
			productReference = C806BE532386A448006F2794 /* kydra-log-example-watch WatchKit Extension.appex */;
			productType = "com.apple.product-type.watchkit2-extension";
		};
		C806BE7A2386A6CB006F2794 /* common_watch */ = {
			isa = PBXNativeTarget;
			buildConfigurationList = C806BE802386A6CB006F2794 /* Build configuration list for PBXNativeTarget "common_watch" */;
			buildPhases = (
				C806BE832386A8BC006F2794 /* Build Binary From Kotlin Sources */,
				C806BE842386A909006F2794 /* CopyFramevork */,
			);
			buildRules = (
			);
			dependencies = (
			);
			name = common_watch;
			productName = "watch-app-framework";
			productReference = C806BE7B2386A6CB006F2794 /* common_watch.framework */;
			productType = "com.apple.product-type.framework";
		};
		C806BE962386B5DF006F2794 /* common_tv */ = {
			isa = PBXNativeTarget;
			buildConfigurationList = C806BE9C2386B5DF006F2794 /* Build configuration list for PBXNativeTarget "common_tv" */;
			buildPhases = (
				C806BE9F2386B60A006F2794 /* Build Binary From Kotlin Sources */,
				C806BEA02386B628006F2794 /* CopyFramevork */,
			);
			buildRules = (
			);
			dependencies = (
			);
			name = common_tv;
			productName = "tv-app-framework";
			productReference = C806BE972386B5DF006F2794 /* common_tv.framework */;
			productType = "com.apple.product-type.framework";
		};
		C806BEA42386B664006F2794 /* kydra-log-example-tv */ = {
			isa = PBXNativeTarget;
			buildConfigurationList = C806BEB42386B665006F2794 /* Build configuration list for PBXNativeTarget "kydra-log-example-tv" */;
			buildPhases = (
				C806BEA12386B664006F2794 /* Sources */,
				C806BEA22386B664006F2794 /* Frameworks */,
				C806BEA32386B664006F2794 /* Resources */,
				C806BEBE2386BA52006F2794 /* Embed Frameworks */,
			);
			buildRules = (
			);
			dependencies = (
				C806BEBD2386BA52006F2794 /* PBXTargetDependency */,
			);
			name = "kydra-log-example-tv";
			productName = "kydra-log-example-tv";
			productReference = C806BEA52386B664006F2794 /* kydra-log-example-tv.app */;
			productType = "com.apple.product-type.application";
		};
		C8A822B420BAF801004C070F /* kydra-log-example-ios */ = {
			isa = PBXNativeTarget;
			buildConfigurationList = C8A822C720BAF802004C070F /* Build configuration list for PBXNativeTarget "kydra-log-example-ios" */;
			buildPhases = (
				C8A822B120BAF801004C070F /* Sources */,
				C8A822B220BAF801004C070F /* Frameworks */,
				C8A822B320BAF801004C070F /* Resources */,
				C81FF94221B5CCD200A94E03 /* Embed Frameworks */,
			);
			buildRules = (
			);
			dependencies = (
				C81FF94121B5CCD200A94E03 /* PBXTargetDependency */,
			);
			name = "kydra-log-example-ios";
			productName = "locolaser-kotlin-multiplatform-example";
			productReference = C8A822B520BAF801004C070F /* kydra-log-example-ios.app */;
			productType = "com.apple.product-type.application";
		};
		C8FA80E421973B0600C73A8E /* common_ios */ = {
			isa = PBXNativeTarget;
			buildConfigurationList = C8FA80F021973B0600C73A8E /* Build configuration list for PBXNativeTarget "common_ios" */;
			buildPhases = (
				C8FA80F221973B1700C73A8E /* Build Binary From Kotlin Sources */,
				C8FA80F321973BE200C73A8E /* CopyFramevork */,
			);
			buildRules = (
			);
			dependencies = (
			);
			name = common_ios;
			productName = Common;
			productReference = C8FA80E521973B0600C73A8E /* common_ios.framework */;
			productType = "com.apple.product-type.framework";
		};
/* End PBXNativeTarget section */

/* Begin PBXProject section */
		C8A822AD20BAF801004C070F /* Project object */ = {
			isa = PBXProject;
			attributes = {
				LastSwiftUpdateCheck = 1120;
				LastUpgradeCheck = 0930;
				ORGANIZATIONNAME = PcketByte.ru;
				TargetAttributes = {
					C806BE402386A447006F2794 = {
						CreatedOnToolsVersion = 11.2.1;
					};
					C806BE432386A447006F2794 = {
						CreatedOnToolsVersion = 11.2.1;
					};
					C806BE522386A448006F2794 = {
						CreatedOnToolsVersion = 11.2.1;
					};
					C806BE7A2386A6CB006F2794 = {
						CreatedOnToolsVersion = 11.2.1;
					};
					C806BE962386B5DF006F2794 = {
						CreatedOnToolsVersion = 11.2.1;
					};
					C806BEA42386B664006F2794 = {
						CreatedOnToolsVersion = 11.2.1;
					};
					C8A822B420BAF801004C070F = {
						CreatedOnToolsVersion = 9.3.1;
					};
					C8FA80E421973B0600C73A8E = {
						CreatedOnToolsVersion = 10.1;
					};
				};
			};
			buildConfigurationList = C8A822B020BAF801004C070F /* Build configuration list for PBXProject "kydra-log-example" */;
			compatibilityVersion = "Xcode 9.3";
			developmentRegion = en;
			hasScannedForEncodings = 0;
			knownRegions = (
				en,
				Base,
			);
			mainGroup = C8A822AC20BAF801004C070F;
			productRefGroup = C8A822B620BAF801004C070F /* Products */;
			projectDirPath = "";
			projectRoot = "";
			targets = (
				C8A822B420BAF801004C070F /* kydra-log-example-ios */,
				C806BEA42386B664006F2794 /* kydra-log-example-tv */,
				C806BE402386A447006F2794 /* kydra-log-example-watch */,
				C806BE432386A447006F2794 /* kydra-log-example-watch WatchKit App */,
				C806BE522386A448006F2794 /* kydra-log-example-watch WatchKit Extension */,
				C8FA80E421973B0600C73A8E /* common_ios */,
				C806BE962386B5DF006F2794 /* common_tv */,
				C806BE7A2386A6CB006F2794 /* common_watch */,
			);
		};
/* End PBXProject section */

/* Begin PBXResourcesBuildPhase section */
		C806BE3F2386A447006F2794 /* Resources */ = {
			isa = PBXResourcesBuildPhase;
			buildActionMask = 2147483647;
			files = (
			);
			runOnlyForDeploymentPostprocessing = 0;
		};
		C806BE422386A447006F2794 /* Resources */ = {
			isa = PBXResourcesBuildPhase;
			buildActionMask = 2147483647;
			files = (
				C806BE4D2386A448006F2794 /* Assets.xcassets in Resources */,
				C806BE4B2386A447006F2794 /* Interface.storyboard in Resources */,
			);
			runOnlyForDeploymentPostprocessing = 0;
		};
		C806BE512386A448006F2794 /* Resources */ = {
			isa = PBXResourcesBuildPhase;
			buildActionMask = 2147483647;
			files = (
				C806BE5D2386A449006F2794 /* Assets.xcassets in Resources */,
			);
			runOnlyForDeploymentPostprocessing = 0;
		};
		C806BEA32386B664006F2794 /* Resources */ = {
			isa = PBXResourcesBuildPhase;
			buildActionMask = 2147483647;
			files = (
				C806BEB22386B665006F2794 /* LaunchScreen.storyboard in Resources */,
				C806BEAF2386B665006F2794 /* Assets.xcassets in Resources */,
				C806BEAD2386B664006F2794 /* Main.storyboard in Resources */,
			);
			runOnlyForDeploymentPostprocessing = 0;
		};
		C8A822B320BAF801004C070F /* Resources */ = {
			isa = PBXResourcesBuildPhase;
			buildActionMask = 2147483647;
			files = (
				C89A9D0520BDF9F500A19C77 /* Localizable.strings in Resources */,
				C8A822C320BAF802004C070F /* LaunchScreen.storyboard in Resources */,
				C8A822C020BAF802004C070F /* Assets.xcassets in Resources */,
				C8A822BE20BAF801004C070F /* Main.storyboard in Resources */,
			);
			runOnlyForDeploymentPostprocessing = 0;
		};
/* End PBXResourcesBuildPhase section */

/* Begin PBXShellScriptBuildPhase section */
		C806BE832386A8BC006F2794 /* Build Binary From Kotlin Sources */ = {
			isa = PBXShellScriptBuildPhase;
			buildActionMask = 2147483647;
			files = (
			);
			inputFileListPaths = (
			);
			inputPaths = (
			);
			name = "Build Binary From Kotlin Sources";
			outputFileListPaths = (
			);
			outputPaths = (
			);
			runOnlyForDeploymentPostprocessing = 0;
			shellPath = /bin/sh;
			shellScript = "PRJ_DIR=\"$SRCROOT/../..\";\nTASK_TARGET=\"$(tr '[:lower:]' '[:upper:]' <<< ${KOTLIN_TARGET:0:1})${KOTLIN_TARGET:1}\"\n\n\"${PRJ_DIR}/gradlew\" -p \"${PRJ_DIR}/\" \":example:common:linkCommon_watch${CONFIGURATION}FrameworkWatch\" \\\n-Pkonan.configuration.build.dir=\"$CONFIGURATION_BUILD_DIR\" \\\n-Pkonan.debugging.symbols=\"$DEBUGGING_SYMBOLS\"             \\\n-Pkonan.optimizations.enable=\"$KONAN_ENABLE_OPTIMIZATIONS\"\n";
		};
		C806BE842386A909006F2794 /* CopyFramevork */ = {
			isa = PBXShellScriptBuildPhase;
			buildActionMask = 2147483647;
			files = (
			);
			inputFileListPaths = (
			);
			inputPaths = (
			);
			name = CopyFramevork;
			outputFileListPaths = (
			);
			outputPaths = (
			);
			runOnlyForDeploymentPostprocessing = 0;
			shellPath = /bin/sh;
			shellScript = "BUILD_TYPE=\"$(tr '[:upper:]' '[:lower:]' <<< ${CONFIGURATION:0:1})${CONFIGURATION:1}\"\nSOURCE_DIR=\"$SRCROOT/../common/build/bin/watch/${PRODUCT_NAME}${BUILD_TYPE}Framework/\"\n\nmkdir -p \"$CONFIGURATION_BUILD_DIR\"\ncp -r \"${SOURCE_DIR}/.\" \"$CONFIGURATION_BUILD_DIR\"\n";
		};
		C806BE9F2386B60A006F2794 /* Build Binary From Kotlin Sources */ = {
			isa = PBXShellScriptBuildPhase;
			buildActionMask = 2147483647;
			files = (
			);
			inputFileListPaths = (
			);
			inputPaths = (
			);
			name = "Build Binary From Kotlin Sources";
			outputFileListPaths = (
			);
			outputPaths = (
			);
			runOnlyForDeploymentPostprocessing = 0;
			shellPath = /bin/sh;
			shellScript = "PRJ_DIR=\"$SRCROOT/../..\";\nTASK_TARGET=\"$(tr '[:lower:]' '[:upper:]' <<< ${KOTLIN_TARGET:0:1})${KOTLIN_TARGET:1}\"\n\n\"${PRJ_DIR}/gradlew\" -p \"${PRJ_DIR}/\" \":example:common:linkCommon_tv${CONFIGURATION}FrameworkTv\" \\\n-Pkonan.configuration.build.dir=\"$CONFIGURATION_BUILD_DIR\" \\\n-Pkonan.debugging.symbols=\"$DEBUGGING_SYMBOLS\"             \\\n-Pkonan.optimizations.enable=\"$KONAN_ENABLE_OPTIMIZATIONS\"\n";
		};
		C806BEA02386B628006F2794 /* CopyFramevork */ = {
			isa = PBXShellScriptBuildPhase;
			buildActionMask = 2147483647;
			files = (
			);
			inputFileListPaths = (
			);
			inputPaths = (
			);
			name = CopyFramevork;
			outputFileListPaths = (
			);
			outputPaths = (
			);
			runOnlyForDeploymentPostprocessing = 0;
			shellPath = /bin/sh;
			shellScript = "BUILD_TYPE=\"$(tr '[:upper:]' '[:lower:]' <<< ${CONFIGURATION:0:1})${CONFIGURATION:1}\"\nSOURCE_DIR=\"$SRCROOT/../common/build/bin/tv/${PRODUCT_NAME}${BUILD_TYPE}Framework/\"\n\nmkdir -p \"$CONFIGURATION_BUILD_DIR\"\ncp -r \"${SOURCE_DIR}/.\" \"$CONFIGURATION_BUILD_DIR\"\n";
		};
		C8FA80F221973B1700C73A8E /* Build Binary From Kotlin Sources */ = {
			isa = PBXShellScriptBuildPhase;
			buildActionMask = 2147483647;
			files = (
			);
			inputFileListPaths = (
			);
			inputPaths = (
			);
			name = "Build Binary From Kotlin Sources";
			outputFileListPaths = (
			);
			outputPaths = (
			);
			runOnlyForDeploymentPostprocessing = 0;
			shellPath = /bin/sh;
			shellScript = "PRJ_DIR=\"$SRCROOT/../..\";\nTASK_TARGET=\"$(tr '[:lower:]' '[:upper:]' <<< ${KOTLIN_TARGET:0:1})${KOTLIN_TARGET:1}\"\n\n\"${PRJ_DIR}/gradlew\" -p \"${PRJ_DIR}/\" \":example:common:linkCommon_ios${CONFIGURATION}FrameworkIos\" \\\n-Pkonan.configuration.build.dir=\"$CONFIGURATION_BUILD_DIR\" \\\n-Pkonan.debugging.symbols=\"$DEBUGGING_SYMBOLS\"             \\\n-Pkonan.optimizations.enable=\"$KONAN_ENABLE_OPTIMIZATIONS\"\n";
		};
		C8FA80F321973BE200C73A8E /* CopyFramevork */ = {
			isa = PBXShellScriptBuildPhase;
			buildActionMask = 2147483647;
			files = (
			);
			inputFileListPaths = (
			);
			inputPaths = (
			);
			name = CopyFramevork;
			outputFileListPaths = (
			);
			outputPaths = (
			);
			runOnlyForDeploymentPostprocessing = 0;
			shellPath = /bin/sh;
			shellScript = "BUILD_TYPE=\"$(tr '[:upper:]' '[:lower:]' <<< ${CONFIGURATION:0:1})${CONFIGURATION:1}\"\nSOURCE_DIR=\"$SRCROOT/../common/build/bin/ios/${PRODUCT_NAME}${BUILD_TYPE}Framework/\"\n\nmkdir -p \"$CONFIGURATION_BUILD_DIR\"\ncp -r \"${SOURCE_DIR}/.\" \"$CONFIGURATION_BUILD_DIR\"\n";
		};
/* End PBXShellScriptBuildPhase section */

/* Begin PBXSourcesBuildPhase section */
		C806BE4F2386A448006F2794 /* Sources */ = {
			isa = PBXSourcesBuildPhase;
			buildActionMask = 2147483647;
			files = (
				C806BE5B2386A448006F2794 /* ExtensionDelegate.swift in Sources */,
				C806BE592386A448006F2794 /* InterfaceController.swift in Sources */,
			);
			runOnlyForDeploymentPostprocessing = 0;
		};
		C806BEA12386B664006F2794 /* Sources */ = {
			isa = PBXSourcesBuildPhase;
			buildActionMask = 2147483647;
			files = (
				C806BEAA2386B664006F2794 /* ViewController.swift in Sources */,
				C806BEA82386B664006F2794 /* AppDelegate.swift in Sources */,
			);
			runOnlyForDeploymentPostprocessing = 0;
		};
		C8A822B120BAF801004C070F /* Sources */ = {
			isa = PBXSourcesBuildPhase;
			buildActionMask = 2147483647;
			files = (
				C8A822D220BCA023004C070F /* AppDelegate.swift in Sources */,
				C8A822D020BC9B76004C070F /* ViewController.swift in Sources */,
			);
			runOnlyForDeploymentPostprocessing = 0;
		};
/* End PBXSourcesBuildPhase section */

/* Begin PBXTargetDependency section */
		C806BE472386A447006F2794 /* PBXTargetDependency */ = {
			isa = PBXTargetDependency;
			target = C806BE432386A447006F2794 /* kydra-log-example-watch WatchKit App */;
			targetProxy = C806BE462386A447006F2794 /* PBXContainerItemProxy */;
		};
		C806BE562386A448006F2794 /* PBXTargetDependency */ = {
			isa = PBXTargetDependency;
			target = C806BE522386A448006F2794 /* kydra-log-example-watch WatchKit Extension */;
			targetProxy = C806BE552386A448006F2794 /* PBXContainerItemProxy */;
		};
		C806BE882386A9BA006F2794 /* PBXTargetDependency */ = {
			isa = PBXTargetDependency;
			target = C806BE7A2386A6CB006F2794 /* common_watch */;
			targetProxy = C806BE872386A9BA006F2794 /* PBXContainerItemProxy */;
		};
		C806BEBD2386BA52006F2794 /* PBXTargetDependency */ = {
			isa = PBXTargetDependency;
			target = C806BE962386B5DF006F2794 /* common_tv */;
			targetProxy = C806BEBC2386BA52006F2794 /* PBXContainerItemProxy */;
		};
		C81FF94121B5CCD200A94E03 /* PBXTargetDependency */ = {
			isa = PBXTargetDependency;
			target = C8FA80E421973B0600C73A8E /* common_ios */;
			targetProxy = C81FF94021B5CCD200A94E03 /* PBXContainerItemProxy */;
		};
/* End PBXTargetDependency section */

/* Begin PBXVariantGroup section */
		C806BE492386A447006F2794 /* Interface.storyboard */ = {
			isa = PBXVariantGroup;
			children = (
				C806BE4A2386A447006F2794 /* Base */,
			);
			name = Interface.storyboard;
			sourceTree = "<group>";
		};
		C806BEAB2386B664006F2794 /* Main.storyboard */ = {
			isa = PBXVariantGroup;
			children = (
				C806BEAC2386B664006F2794 /* Base */,
			);
			name = Main.storyboard;
			sourceTree = "<group>";
		};
		C806BEB02386B665006F2794 /* LaunchScreen.storyboard */ = {
			isa = PBXVariantGroup;
			children = (
				C806BEB12386B665006F2794 /* Base */,
			);
			name = LaunchScreen.storyboard;
			sourceTree = "<group>";
		};
		C89A9D0320BDF9F500A19C77 /* Localizable.strings */ = {
			isa = PBXVariantGroup;
			children = (
				C89A9D0420BDF9F500A19C77 /* Base */,
			);
			name = Localizable.strings;
			sourceTree = "<group>";
		};
		C8A822BC20BAF801004C070F /* Main.storyboard */ = {
			isa = PBXVariantGroup;
			children = (
				C8A822BD20BAF801004C070F /* Base */,
			);
			name = Main.storyboard;
			sourceTree = "<group>";
		};
		C8A822C120BAF802004C070F /* LaunchScreen.storyboard */ = {
			isa = PBXVariantGroup;
			children = (
				C8A822C220BAF802004C070F /* Base */,
			);
			name = LaunchScreen.storyboard;
			sourceTree = "<group>";
		};
/* End PBXVariantGroup section */

/* Begin XCBuildConfiguration section */
		C806BE5F2386A449006F2794 /* Debug */ = {
			isa = XCBuildConfiguration;
			buildSettings = {
				CODE_SIGN_STYLE = Automatic;
				CURRENT_PROJECT_VERSION = 1;
				DEVELOPMENT_TEAM = QYF24V9H2B;
				MARKETING_VERSION = 1.0;
				MTL_ENABLE_DEBUG_INFO = INCLUDE_SOURCE;
				MTL_FAST_MATH = YES;
				PRODUCT_BUNDLE_IDENTIFIER = "ru.pocketbyte.kydra-log-example-watch";
				PRODUCT_NAME = "$(TARGET_NAME)";
				SWIFT_VERSION = 5.0;
			};
			name = Debug;
		};
		C806BE602386A449006F2794 /* Release */ = {
			isa = XCBuildConfiguration;
			buildSettings = {
				CODE_SIGN_STYLE = Automatic;
				CURRENT_PROJECT_VERSION = 1;
				DEVELOPMENT_TEAM = QYF24V9H2B;
				MARKETING_VERSION = 1.0;
				MTL_FAST_MATH = YES;
				PRODUCT_BUNDLE_IDENTIFIER = "ru.pocketbyte.kydra-log-example-watch";
				PRODUCT_NAME = "$(TARGET_NAME)";
				SWIFT_VERSION = 5.0;
			};
			name = Release;
		};
		C806BE622386A449006F2794 /* Debug */ = {
			isa = XCBuildConfiguration;
			buildSettings = {
				ALWAYS_EMBED_SWIFT_STANDARD_LIBRARIES = YES;
				ASSETCATALOG_COMPILER_APPICON_NAME = AppIcon;
				CODE_SIGN_STYLE = Automatic;
				DEVELOPMENT_TEAM = QYF24V9H2B;
				IBSC_MODULE = kydra_log_example_watch_WatchKit_Extension;
				INFOPLIST_FILE = "kydra-log-example-watch WatchKit App/Info.plist";
				LD_RUNPATH_SEARCH_PATHS = (
					"$(inherited)",
					"@executable_path/Frameworks",
				);
				MTL_ENABLE_DEBUG_INFO = INCLUDE_SOURCE;
				MTL_FAST_MATH = YES;
				PRODUCT_BUNDLE_IDENTIFIER = "ru.pocketbyte.kydra-log-example-watch.watchkitapp";
				PRODUCT_NAME = "$(TARGET_NAME)";
				SDKROOT = watchos;
				SKIP_INSTALL = YES;
				SWIFT_VERSION = 5.0;
				TARGETED_DEVICE_FAMILY = 4;
				WATCHOS_DEPLOYMENT_TARGET = 6.1;
			};
			name = Debug;
		};
		C806BE632386A449006F2794 /* Release */ = {
			isa = XCBuildConfiguration;
			buildSettings = {
				ALWAYS_EMBED_SWIFT_STANDARD_LIBRARIES = YES;
				ASSETCATALOG_COMPILER_APPICON_NAME = AppIcon;
				CODE_SIGN_STYLE = Automatic;
				DEVELOPMENT_TEAM = QYF24V9H2B;
				IBSC_MODULE = kydra_log_example_watch_WatchKit_Extension;
				INFOPLIST_FILE = "kydra-log-example-watch WatchKit App/Info.plist";
				LD_RUNPATH_SEARCH_PATHS = (
					"$(inherited)",
					"@executable_path/Frameworks",
				);
				MTL_FAST_MATH = YES;
				PRODUCT_BUNDLE_IDENTIFIER = "ru.pocketbyte.kydra-log-example-watch.watchkitapp";
				PRODUCT_NAME = "$(TARGET_NAME)";
				SDKROOT = watchos;
				SKIP_INSTALL = YES;
				SWIFT_VERSION = 5.0;
				TARGETED_DEVICE_FAMILY = 4;
				WATCHOS_DEPLOYMENT_TARGET = 6.1;
			};
			name = Release;
		};
		C806BE652386A449006F2794 /* Debug */ = {
			isa = XCBuildConfiguration;
			buildSettings = {
				ASSETCATALOG_COMPILER_COMPLICATION_NAME = Complication;
				CODE_SIGN_STYLE = Automatic;
				DEVELOPMENT_TEAM = QYF24V9H2B;
				INFOPLIST_FILE = "kydra-log-example-watch WatchKit Extension/Info.plist";
				LD_RUNPATH_SEARCH_PATHS = (
					"$(inherited)",
					"@executable_path/Frameworks",
					"@executable_path/../../Frameworks",
				);
				MTL_ENABLE_DEBUG_INFO = INCLUDE_SOURCE;
				MTL_FAST_MATH = YES;
				PRODUCT_BUNDLE_IDENTIFIER = "ru.pocketbyte.kydra-log-example-watch.watchkitapp.watchkitextension";
				PRODUCT_NAME = "${TARGET_NAME}";
				SDKROOT = watchos;
				SKIP_INSTALL = YES;
				SWIFT_VERSION = 5.0;
				TARGETED_DEVICE_FAMILY = 4;
				WATCHOS_DEPLOYMENT_TARGET = 6.1;
			};
			name = Debug;
		};
		C806BE662386A449006F2794 /* Release */ = {
			isa = XCBuildConfiguration;
			buildSettings = {
				ASSETCATALOG_COMPILER_COMPLICATION_NAME = Complication;
				CODE_SIGN_STYLE = Automatic;
				DEVELOPMENT_TEAM = QYF24V9H2B;
				INFOPLIST_FILE = "kydra-log-example-watch WatchKit Extension/Info.plist";
				LD_RUNPATH_SEARCH_PATHS = (
					"$(inherited)",
					"@executable_path/Frameworks",
					"@executable_path/../../Frameworks",
				);
				MTL_FAST_MATH = YES;
				PRODUCT_BUNDLE_IDENTIFIER = "ru.pocketbyte.kydra-log-example-watch.watchkitapp.watchkitextension";
				PRODUCT_NAME = "${TARGET_NAME}";
				SDKROOT = watchos;
				SKIP_INSTALL = YES;
				SWIFT_VERSION = 5.0;
				TARGETED_DEVICE_FAMILY = 4;
				WATCHOS_DEPLOYMENT_TARGET = 6.1;
			};
			name = Release;
		};
		C806BE812386A6CB006F2794 /* Debug */ = {
			isa = XCBuildConfiguration;
			buildSettings = {
				APPLICATION_EXTENSION_API_ONLY = YES;
				CODE_SIGN_STYLE = Automatic;
				CURRENT_PROJECT_VERSION = 1;
				DEFINES_MODULE = YES;
				DEVELOPMENT_TEAM = QYF24V9H2B;
				DYLIB_COMPATIBILITY_VERSION = 1;
				DYLIB_CURRENT_VERSION = 1;
				DYLIB_INSTALL_NAME_BASE = "@rpath";
				INFOPLIST_FILE = Common/Info.plist;
				INSTALL_PATH = "$(LOCAL_LIBRARY_DIR)/Frameworks";
				LD_RUNPATH_SEARCH_PATHS = (
					"$(inherited)",
					"@executable_path/Frameworks",
					"@loader_path/Frameworks",
				);
				MTL_ENABLE_DEBUG_INFO = INCLUDE_SOURCE;
				MTL_FAST_MATH = YES;
				PRODUCT_BUNDLE_IDENTIFIER = "ru.pocketbyte.watch-app-framework";
				PRODUCT_NAME = "$(TARGET_NAME:c99extidentifier)";
				SDKROOT = watchos;
				SKIP_INSTALL = YES;
				SWIFT_VERSION = 5.0;
				TARGETED_DEVICE_FAMILY = 4;
				VERSIONING_SYSTEM = "apple-generic";
				VERSION_INFO_PREFIX = "";
				WATCHOS_DEPLOYMENT_TARGET = 6.1;
			};
			name = Debug;
		};
		C806BE822386A6CB006F2794 /* Release */ = {
			isa = XCBuildConfiguration;
			buildSettings = {
				APPLICATION_EXTENSION_API_ONLY = YES;
				CODE_SIGN_STYLE = Automatic;
				CURRENT_PROJECT_VERSION = 1;
				DEFINES_MODULE = YES;
				DEVELOPMENT_TEAM = QYF24V9H2B;
				DYLIB_COMPATIBILITY_VERSION = 1;
				DYLIB_CURRENT_VERSION = 1;
				DYLIB_INSTALL_NAME_BASE = "@rpath";
				INFOPLIST_FILE = Common/Info.plist;
				INSTALL_PATH = "$(LOCAL_LIBRARY_DIR)/Frameworks";
				LD_RUNPATH_SEARCH_PATHS = (
					"$(inherited)",
					"@executable_path/Frameworks",
					"@loader_path/Frameworks",
				);
				MTL_FAST_MATH = YES;
				PRODUCT_BUNDLE_IDENTIFIER = "ru.pocketbyte.watch-app-framework";
				PRODUCT_NAME = "$(TARGET_NAME:c99extidentifier)";
				SDKROOT = watchos;
				SKIP_INSTALL = YES;
				SWIFT_VERSION = 5.0;
				TARGETED_DEVICE_FAMILY = 4;
				VERSIONING_SYSTEM = "apple-generic";
				VERSION_INFO_PREFIX = "";
				WATCHOS_DEPLOYMENT_TARGET = 6.1;
			};
			name = Release;
		};
		C806BE9D2386B5DF006F2794 /* Debug */ = {
			isa = XCBuildConfiguration;
			buildSettings = {
				CODE_SIGN_STYLE = Automatic;
				CURRENT_PROJECT_VERSION = 1;
				DEFINES_MODULE = YES;
				DEVELOPMENT_TEAM = QYF24V9H2B;
				DYLIB_COMPATIBILITY_VERSION = 1;
				DYLIB_CURRENT_VERSION = 1;
				DYLIB_INSTALL_NAME_BASE = "@rpath";
				INFOPLIST_FILE = Common/Info.plist;
				INSTALL_PATH = "$(LOCAL_LIBRARY_DIR)/Frameworks";
				LD_RUNPATH_SEARCH_PATHS = (
					"$(inherited)",
					"@executable_path/Frameworks",
					"@loader_path/Frameworks",
				);
				MTL_ENABLE_DEBUG_INFO = INCLUDE_SOURCE;
				MTL_FAST_MATH = YES;
				PRODUCT_BUNDLE_IDENTIFIER = "ru.pocketbyte.tv-app-framework";
				PRODUCT_NAME = "$(TARGET_NAME:c99extidentifier)";
				SDKROOT = appletvos;
				SKIP_INSTALL = YES;
				SWIFT_VERSION = 5.0;
				TARGETED_DEVICE_FAMILY = 3;
				TVOS_DEPLOYMENT_TARGET = 13.2;
				VERSIONING_SYSTEM = "apple-generic";
				VERSION_INFO_PREFIX = "";
			};
			name = Debug;
		};
		C806BE9E2386B5DF006F2794 /* Release */ = {
			isa = XCBuildConfiguration;
			buildSettings = {
				CODE_SIGN_STYLE = Automatic;
				CURRENT_PROJECT_VERSION = 1;
				DEFINES_MODULE = YES;
				DEVELOPMENT_TEAM = QYF24V9H2B;
				DYLIB_COMPATIBILITY_VERSION = 1;
				DYLIB_CURRENT_VERSION = 1;
				DYLIB_INSTALL_NAME_BASE = "@rpath";
				INFOPLIST_FILE = Common/Info.plist;
				INSTALL_PATH = "$(LOCAL_LIBRARY_DIR)/Frameworks";
				LD_RUNPATH_SEARCH_PATHS = (
					"$(inherited)",
					"@executable_path/Frameworks",
					"@loader_path/Frameworks",
				);
				MTL_FAST_MATH = YES;
				PRODUCT_BUNDLE_IDENTIFIER = "ru.pocketbyte.tv-app-framework";
				PRODUCT_NAME = "$(TARGET_NAME:c99extidentifier)";
				SDKROOT = appletvos;
				SKIP_INSTALL = YES;
				SWIFT_VERSION = 5.0;
				TARGETED_DEVICE_FAMILY = 3;
				TVOS_DEPLOYMENT_TARGET = 13.2;
				VERSIONING_SYSTEM = "apple-generic";
				VERSION_INFO_PREFIX = "";
			};
			name = Release;
		};
		C806BEB52386B665006F2794 /* Debug */ = {
			isa = XCBuildConfiguration;
			buildSettings = {
				ASSETCATALOG_COMPILER_APPICON_NAME = "App Icon & Top Shelf Image";
				CODE_SIGN_STYLE = Automatic;
				DEVELOPMENT_TEAM = QYF24V9H2B;
				INFOPLIST_FILE = "kydra-log-example-tv/Info.plist";
				LD_RUNPATH_SEARCH_PATHS = (
					"$(inherited)",
					"@executable_path/Frameworks",
				);
				MTL_ENABLE_DEBUG_INFO = INCLUDE_SOURCE;
				MTL_FAST_MATH = YES;
				PRODUCT_BUNDLE_IDENTIFIER = "ru.pocketbyte.kydra-log-example-tv";
				PRODUCT_NAME = "$(TARGET_NAME)";
				SDKROOT = appletvos;
				SWIFT_VERSION = 5.0;
				TARGETED_DEVICE_FAMILY = 3;
				TVOS_DEPLOYMENT_TARGET = 13.2;
			};
			name = Debug;
		};
		C806BEB62386B665006F2794 /* Release */ = {
			isa = XCBuildConfiguration;
			buildSettings = {
				ASSETCATALOG_COMPILER_APPICON_NAME = "App Icon & Top Shelf Image";
				CODE_SIGN_STYLE = Automatic;
				DEVELOPMENT_TEAM = QYF24V9H2B;
				INFOPLIST_FILE = "kydra-log-example-tv/Info.plist";
				LD_RUNPATH_SEARCH_PATHS = (
					"$(inherited)",
					"@executable_path/Frameworks",
				);
				MTL_FAST_MATH = YES;
				PRODUCT_BUNDLE_IDENTIFIER = "ru.pocketbyte.kydra-log-example-tv";
				PRODUCT_NAME = "$(TARGET_NAME)";
				SDKROOT = appletvos;
				SWIFT_VERSION = 5.0;
				TARGETED_DEVICE_FAMILY = 3;
				TVOS_DEPLOYMENT_TARGET = 13.2;
			};
			name = Release;
		};
		C8A822C520BAF802004C070F /* Debug */ = {
			isa = XCBuildConfiguration;
			buildSettings = {
				ALWAYS_SEARCH_USER_PATHS = NO;
				CLANG_ANALYZER_NONNULL = YES;
				CLANG_ANALYZER_NUMBER_OBJECT_CONVERSION = YES_AGGRESSIVE;
				CLANG_CXX_LANGUAGE_STANDARD = "gnu++14";
				CLANG_CXX_LIBRARY = "libc++";
				CLANG_ENABLE_MODULES = YES;
				CLANG_ENABLE_OBJC_ARC = YES;
				CLANG_ENABLE_OBJC_WEAK = YES;
				CLANG_WARN_BLOCK_CAPTURE_AUTORELEASING = YES;
				CLANG_WARN_BOOL_CONVERSION = YES;
				CLANG_WARN_COMMA = YES;
				CLANG_WARN_CONSTANT_CONVERSION = YES;
				CLANG_WARN_DEPRECATED_OBJC_IMPLEMENTATIONS = YES;
				CLANG_WARN_DIRECT_OBJC_ISA_USAGE = YES_ERROR;
				CLANG_WARN_DOCUMENTATION_COMMENTS = YES;
				CLANG_WARN_EMPTY_BODY = YES;
				CLANG_WARN_ENUM_CONVERSION = YES;
				CLANG_WARN_INFINITE_RECURSION = YES;
				CLANG_WARN_INT_CONVERSION = YES;
				CLANG_WARN_NON_LITERAL_NULL_CONVERSION = YES;
				CLANG_WARN_OBJC_IMPLICIT_RETAIN_SELF = YES;
				CLANG_WARN_OBJC_LITERAL_CONVERSION = YES;
				CLANG_WARN_OBJC_ROOT_CLASS = YES_ERROR;
				CLANG_WARN_RANGE_LOOP_ANALYSIS = YES;
				CLANG_WARN_STRICT_PROTOTYPES = YES;
				CLANG_WARN_SUSPICIOUS_MOVE = YES;
				CLANG_WARN_UNGUARDED_AVAILABILITY = YES_AGGRESSIVE;
				CLANG_WARN_UNREACHABLE_CODE = YES;
				CLANG_WARN__DUPLICATE_METHOD_MATCH = YES;
				CODE_SIGN_IDENTITY = "iPhone Developer";
				COPY_PHASE_STRIP = NO;
				DEBUG_INFORMATION_FORMAT = dwarf;
				ENABLE_STRICT_OBJC_MSGSEND = YES;
				ENABLE_TESTABILITY = YES;
				GCC_C_LANGUAGE_STANDARD = gnu11;
				GCC_DYNAMIC_NO_PIC = NO;
				GCC_NO_COMMON_BLOCKS = YES;
				GCC_OPTIMIZATION_LEVEL = 0;
				GCC_PREPROCESSOR_DEFINITIONS = (
					"DEBUG=1",
					"$(inherited)",
				);
				GCC_WARN_64_TO_32_BIT_CONVERSION = YES;
				GCC_WARN_ABOUT_RETURN_TYPE = YES_ERROR;
				GCC_WARN_UNDECLARED_SELECTOR = YES;
				GCC_WARN_UNINITIALIZED_AUTOS = YES_AGGRESSIVE;
				GCC_WARN_UNUSED_FUNCTION = YES;
				GCC_WARN_UNUSED_VARIABLE = YES;
				IPHONEOS_DEPLOYMENT_TARGET = 11.3;
				MTL_ENABLE_DEBUG_INFO = YES;
				ONLY_ACTIVE_ARCH = YES;
				SDKROOT = iphoneos;
				SWIFT_ACTIVE_COMPILATION_CONDITIONS = DEBUG;
				SWIFT_OPTIMIZATION_LEVEL = "-Onone";
			};
			name = Debug;
		};
		C8A822C620BAF802004C070F /* Release */ = {
			isa = XCBuildConfiguration;
			buildSettings = {
				ALWAYS_SEARCH_USER_PATHS = NO;
				CLANG_ANALYZER_NONNULL = YES;
				CLANG_ANALYZER_NUMBER_OBJECT_CONVERSION = YES_AGGRESSIVE;
				CLANG_CXX_LANGUAGE_STANDARD = "gnu++14";
				CLANG_CXX_LIBRARY = "libc++";
				CLANG_ENABLE_MODULES = YES;
				CLANG_ENABLE_OBJC_ARC = YES;
				CLANG_ENABLE_OBJC_WEAK = YES;
				CLANG_WARN_BLOCK_CAPTURE_AUTORELEASING = YES;
				CLANG_WARN_BOOL_CONVERSION = YES;
				CLANG_WARN_COMMA = YES;
				CLANG_WARN_CONSTANT_CONVERSION = YES;
				CLANG_WARN_DEPRECATED_OBJC_IMPLEMENTATIONS = YES;
				CLANG_WARN_DIRECT_OBJC_ISA_USAGE = YES_ERROR;
				CLANG_WARN_DOCUMENTATION_COMMENTS = YES;
				CLANG_WARN_EMPTY_BODY = YES;
				CLANG_WARN_ENUM_CONVERSION = YES;
				CLANG_WARN_INFINITE_RECURSION = YES;
				CLANG_WARN_INT_CONVERSION = YES;
				CLANG_WARN_NON_LITERAL_NULL_CONVERSION = YES;
				CLANG_WARN_OBJC_IMPLICIT_RETAIN_SELF = YES;
				CLANG_WARN_OBJC_LITERAL_CONVERSION = YES;
				CLANG_WARN_OBJC_ROOT_CLASS = YES_ERROR;
				CLANG_WARN_RANGE_LOOP_ANALYSIS = YES;
				CLANG_WARN_STRICT_PROTOTYPES = YES;
				CLANG_WARN_SUSPICIOUS_MOVE = YES;
				CLANG_WARN_UNGUARDED_AVAILABILITY = YES_AGGRESSIVE;
				CLANG_WARN_UNREACHABLE_CODE = YES;
				CLANG_WARN__DUPLICATE_METHOD_MATCH = YES;
				CODE_SIGN_IDENTITY = "iPhone Developer";
				COPY_PHASE_STRIP = NO;
				DEBUG_INFORMATION_FORMAT = "dwarf-with-dsym";
				ENABLE_NS_ASSERTIONS = NO;
				ENABLE_STRICT_OBJC_MSGSEND = YES;
				GCC_C_LANGUAGE_STANDARD = gnu11;
				GCC_NO_COMMON_BLOCKS = YES;
				GCC_WARN_64_TO_32_BIT_CONVERSION = YES;
				GCC_WARN_ABOUT_RETURN_TYPE = YES_ERROR;
				GCC_WARN_UNDECLARED_SELECTOR = YES;
				GCC_WARN_UNINITIALIZED_AUTOS = YES_AGGRESSIVE;
				GCC_WARN_UNUSED_FUNCTION = YES;
				GCC_WARN_UNUSED_VARIABLE = YES;
				IPHONEOS_DEPLOYMENT_TARGET = 11.3;
				MTL_ENABLE_DEBUG_INFO = NO;
				SDKROOT = iphoneos;
				SWIFT_COMPILATION_MODE = wholemodule;
				SWIFT_OPTIMIZATION_LEVEL = "-O";
				VALIDATE_PRODUCT = YES;
			};
			name = Release;
		};
		C8A822C820BAF802004C070F /* Debug */ = {
			isa = XCBuildConfiguration;
			buildSettings = {
				ASSETCATALOG_COMPILER_APPICON_NAME = AppIcon;
				CODE_SIGN_STYLE = Automatic;
				DEVELOPMENT_TEAM = QYF24V9H2B;
				INFOPLIST_FILE = "kydra-log-example-ios/Info.plist";
				KONAN_ENABLE_OPTIMIZATIONS = NO;
				KONAN_TASK = "";
				"KONAN_TASK[sdk=iphonesimulator*]" = compileKonanApp$KOTLIN_TARGET;
				KOTLIN_BUILD = Debug;
				KOTLIN_TARGET = "";
				"KOTLIN_TARGET[sdk=iphoneos*]" = Ios_arm64;
				"KOTLIN_TARGET[sdk=iphonesimulator*]" = Ios_x64;
				LD_RUNPATH_SEARCH_PATHS = (
					"$(inherited)",
					"@executable_path/Frameworks",
				);
				PRODUCT_BUNDLE_IDENTIFIER = "ru.pocketbyte.kydra-log-example-ios";
				PRODUCT_NAME = "$(TARGET_NAME)";
				SWIFT_VERSION = 4.0;
				TARGETED_DEVICE_FAMILY = "1,2";
			};
			name = Debug;
		};
		C8A822C920BAF802004C070F /* Release */ = {
			isa = XCBuildConfiguration;
			buildSettings = {
				ASSETCATALOG_COMPILER_APPICON_NAME = AppIcon;
				CODE_SIGN_STYLE = Automatic;
				DEVELOPMENT_TEAM = QYF24V9H2B;
				INFOPLIST_FILE = "kydra-log-example-ios/Info.plist";
				KONAN_ENABLE_OPTIMIZATIONS = YES;
				KONAN_TASK = "";
				KOTLIN_BUILD = Release;
				KOTLIN_TARGET = "";
				LD_RUNPATH_SEARCH_PATHS = (
					"$(inherited)",
					"@executable_path/Frameworks",
				);
				PRODUCT_BUNDLE_IDENTIFIER = "ru.pocketbyte.kydra-log-example-ios";
				PRODUCT_NAME = "$(TARGET_NAME)";
				SWIFT_VERSION = 4.0;
				TARGETED_DEVICE_FAMILY = "1,2";
			};
			name = Release;
		};
		C8FA80EE21973B0600C73A8E /* Debug */ = {
			isa = XCBuildConfiguration;
			buildSettings = {
				CODE_SIGN_IDENTITY = "";
				CODE_SIGN_STYLE = Automatic;
				CURRENT_PROJECT_VERSION = 1;
				DEFINES_MODULE = YES;
				DEVELOPMENT_TEAM = QYF24V9H2B;
				DYLIB_COMPATIBILITY_VERSION = 1;
				DYLIB_CURRENT_VERSION = 1;
				DYLIB_INSTALL_NAME_BASE = "@rpath";
				INFOPLIST_FILE = Common/Info.plist;
				INSTALL_PATH = "$(LOCAL_LIBRARY_DIR)/Frameworks";
				IPHONEOS_DEPLOYMENT_TARGET = 12.1;
				KOTLIN_TARGET = "";
				"KOTLIN_TARGET[sdk=iphoneos*]" = ios_arm64;
				"KOTLIN_TARGET[sdk=iphonesimulator*]" = ios_x64;
				LD_RUNPATH_SEARCH_PATHS = (
					"$(inherited)",
					"@executable_path/Frameworks",
					"@loader_path/Frameworks",
				);
				MTL_ENABLE_DEBUG_INFO = INCLUDE_SOURCE;
				MTL_FAST_MATH = YES;
				PRODUCT_BUNDLE_IDENTIFIER = ru.pocketbyte.Common;
				PRODUCT_NAME = "$(TARGET_NAME:c99extidentifier)";
				SKIP_INSTALL = YES;
				TARGETED_DEVICE_FAMILY = "1,2";
				VERSIONING_SYSTEM = "apple-generic";
				VERSION_INFO_PREFIX = "";
			};
			name = Debug;
		};
		C8FA80EF21973B0600C73A8E /* Release */ = {
			isa = XCBuildConfiguration;
			buildSettings = {
				CODE_SIGN_IDENTITY = "";
				CODE_SIGN_STYLE = Automatic;
				CURRENT_PROJECT_VERSION = 1;
				DEFINES_MODULE = YES;
				DEVELOPMENT_TEAM = QYF24V9H2B;
				DYLIB_COMPATIBILITY_VERSION = 1;
				DYLIB_CURRENT_VERSION = 1;
				DYLIB_INSTALL_NAME_BASE = "@rpath";
				INFOPLIST_FILE = Common/Info.plist;
				INSTALL_PATH = "$(LOCAL_LIBRARY_DIR)/Frameworks";
				IPHONEOS_DEPLOYMENT_TARGET = 12.1;
				KOTLIN_TARGET = "";
				LD_RUNPATH_SEARCH_PATHS = (
					"$(inherited)",
					"@executable_path/Frameworks",
					"@loader_path/Frameworks",
				);
				MTL_FAST_MATH = YES;
				PRODUCT_BUNDLE_IDENTIFIER = ru.pocketbyte.Common;
				PRODUCT_NAME = "$(TARGET_NAME:c99extidentifier)";
				SKIP_INSTALL = YES;
				TARGETED_DEVICE_FAMILY = "1,2";
				VERSIONING_SYSTEM = "apple-generic";
				VERSION_INFO_PREFIX = "";
			};
			name = Release;
		};
/* End XCBuildConfiguration section */

/* Begin XCConfigurationList section */
		C806BE672386A449006F2794 /* Build configuration list for PBXNativeTarget "kydra-log-example-watch WatchKit Extension" */ = {
			isa = XCConfigurationList;
			buildConfigurations = (
				C806BE652386A449006F2794 /* Debug */,
				C806BE662386A449006F2794 /* Release */,
			);
			defaultConfigurationIsVisible = 0;
			defaultConfigurationName = Release;
		};
		C806BE682386A449006F2794 /* Build configuration list for PBXNativeTarget "kydra-log-example-watch WatchKit App" */ = {
			isa = XCConfigurationList;
			buildConfigurations = (
				C806BE622386A449006F2794 /* Debug */,
				C806BE632386A449006F2794 /* Release */,
			);
			defaultConfigurationIsVisible = 0;
			defaultConfigurationName = Release;
		};
		C806BE692386A449006F2794 /* Build configuration list for PBXNativeTarget "kydra-log-example-watch" */ = {
			isa = XCConfigurationList;
			buildConfigurations = (
				C806BE5F2386A449006F2794 /* Debug */,
				C806BE602386A449006F2794 /* Release */,
			);
			defaultConfigurationIsVisible = 0;
			defaultConfigurationName = Release;
		};
		C806BE802386A6CB006F2794 /* Build configuration list for PBXNativeTarget "common_watch" */ = {
			isa = XCConfigurationList;
			buildConfigurations = (
				C806BE812386A6CB006F2794 /* Debug */,
				C806BE822386A6CB006F2794 /* Release */,
			);
			defaultConfigurationIsVisible = 0;
			defaultConfigurationName = Release;
		};
		C806BE9C2386B5DF006F2794 /* Build configuration list for PBXNativeTarget "common_tv" */ = {
			isa = XCConfigurationList;
			buildConfigurations = (
				C806BE9D2386B5DF006F2794 /* Debug */,
				C806BE9E2386B5DF006F2794 /* Release */,
			);
			defaultConfigurationIsVisible = 0;
			defaultConfigurationName = Release;
		};
		C806BEB42386B665006F2794 /* Build configuration list for PBXNativeTarget "kydra-log-example-tv" */ = {
			isa = XCConfigurationList;
			buildConfigurations = (
				C806BEB52386B665006F2794 /* Debug */,
				C806BEB62386B665006F2794 /* Release */,
			);
			defaultConfigurationIsVisible = 0;
			defaultConfigurationName = Release;
		};
		C8A822B020BAF801004C070F /* Build configuration list for PBXProject "kydra-log-example" */ = {
			isa = XCConfigurationList;
			buildConfigurations = (
				C8A822C520BAF802004C070F /* Debug */,
				C8A822C620BAF802004C070F /* Release */,
			);
			defaultConfigurationIsVisible = 0;
			defaultConfigurationName = Release;
		};
		C8A822C720BAF802004C070F /* Build configuration list for PBXNativeTarget "kydra-log-example-ios" */ = {
			isa = XCConfigurationList;
			buildConfigurations = (
				C8A822C820BAF802004C070F /* Debug */,
				C8A822C920BAF802004C070F /* Release */,
			);
			defaultConfigurationIsVisible = 0;
			defaultConfigurationName = Release;
		};
		C8FA80F021973B0600C73A8E /* Build configuration list for PBXNativeTarget "common_ios" */ = {
			isa = XCConfigurationList;
			buildConfigurations = (
				C8FA80EE21973B0600C73A8E /* Debug */,
				C8FA80EF21973B0600C73A8E /* Release */,
			);
			defaultConfigurationIsVisible = 0;
			defaultConfigurationName = Release;
		};
/* End XCConfigurationList section */
	};
	rootObject = C8A822AD20BAF801004C070F /* Project object */;
}
